// !$*UTF8*$!
{
	archiveVersion = 1;
	classes = {
	};
	objectVersion = 50;
	objects = {

/* Begin PBXBuildFile section */
		A017863D25E6889500E0FF94 /* AppDelegate.swift in Sources */ = {isa = PBXBuildFile; fileRef = A017863C25E6889500E0FF94 /* AppDelegate.swift */; };
		A017863F25E6889500E0FF94 /* SceneDelegate.swift in Sources */ = {isa = PBXBuildFile; fileRef = A017863E25E6889500E0FF94 /* SceneDelegate.swift */; };
		A017864125E6889500E0FF94 /* ViewController.swift in Sources */ = {isa = PBXBuildFile; fileRef = A017864025E6889500E0FF94 /* ViewController.swift */; };
		A017864425E6889500E0FF94 /* Main.storyboard in Resources */ = {isa = PBXBuildFile; fileRef = A017864225E6889500E0FF94 /* Main.storyboard */; };
		A017864925E6889600E0FF94 /* LaunchScreen.storyboard in Resources */ = {isa = PBXBuildFile; fileRef = A017864725E6889600E0FF94 /* LaunchScreen.storyboard */; };
		A017865425E6889600E0FF94 /* Destini_ios26Tests.swift in Sources */ = {isa = PBXBuildFile; fileRef = A017865325E6889600E0FF94 /* Destini_ios26Tests.swift */; };
		A017865F25E6889600E0FF94 /* Destini_ios26UITests.swift in Sources */ = {isa = PBXBuildFile; fileRef = A017865E25E6889600E0FF94 /* Destini_ios26UITests.swift */; };
		A017867825E6895800E0FF94 /* Story.swift in Sources */ = {isa = PBXBuildFile; fileRef = A017867725E6895800E0FF94 /* Story.swift */; };
		A017867D25E6897A00E0FF94 /* StoryBrain.swift in Sources */ = {isa = PBXBuildFile; fileRef = A017867C25E6897A00E0FF94 /* StoryBrain.swift */; };
		A017868725E68DD500E0FF94 /* Assets.xcassets in Resources */ = {isa = PBXBuildFile; fileRef = A017868625E68DD500E0FF94 /* Assets.xcassets */; };
		A0E1F2D3C4B5A69788776656 /* DesignSystem.swift in Sources */ = {isa = PBXBuildFile; fileRef = A0E1F2D3C4B5A69788776655 /* DesignSystem.swift */; };
/* End PBXBuildFile section */

/* Begin PBXContainerItemProxy section */
		A017865025E6889600E0FF94 /* PBXContainerItemProxy */ = {
			isa = PBXContainerItemProxy;
			containerPortal = A017863125E6889500E0FF94 /* Project object */;
			proxyType = 1;
			remoteGlobalIDString = A017863825E6889500E0FF94;
			remoteInfo = "Destini-ios26";
		};
		A017865B25E6889600E0FF94 /* PBXContainerItemProxy */ = {
			isa = PBXContainerItemProxy;
			containerPortal = A017863125E6889500E0FF94 /* Project object */;
			proxyType = 1;
			remoteGlobalIDString = A017863825E6889500E0FF94;
			remoteInfo = "Destini-ios26";
		};
/* End PBXContainerItemProxy section */

/* Begin PBXFileReference section */
		A017863925E6889500E0FF94 /* Destini-ios26.app */ = {isa = PBXFileReference; explicitFileType = wrapper.application; includeInIndex = 0; path = "Destini-ios26.app"; sourceTree = BUILT_PRODUCTS_DIR; };
		A017863C25E6889500E0FF94 /* AppDelegate.swift */ = {isa = PBXFileReference; lastKnownFileType = sourcecode.swift; path = AppDelegate.swift; sourceTree = "<group>"; };
		A017863E25E6889500E0FF94 /* SceneDelegate.swift */ = {isa = PBXFileReference; lastKnownFileType = sourcecode.swift; path = SceneDelegate.swift; sourceTree = "<group>"; };
		A017864025E6889500E0FF94 /* ViewController.swift */ = {isa = PBXFileReference; lastKnownFileType = sourcecode.swift; path = ViewController.swift; sourceTree = "<group>"; };
		A017864325E6889500E0FF94 /* Base */ = {isa = PBXFileReference; lastKnownFileType = file.storyboard; name = Base; path = Base.lproj/Main.storyboard; sourceTree = "<group>"; };
		A017864825E6889600E0FF94 /* Base */ = {isa = PBXFileReference; lastKnownFileType = file.storyboard; name = Base; path = Base.lproj/LaunchScreen.storyboard; sourceTree = "<group>"; };
		A017864A25E6889600E0FF94 /* Info.plist */ = {isa = PBXFileReference; lastKnownFileType = text.plist.xml; path = Info.plist; sourceTree = "<group>"; };
		A017864F25E6889600E0FF94 /* Destini-ios26Tests.xctest */ = {isa = PBXFileReference; explicitFileType = wrapper.cfbundle; includeInIndex = 0; path = "Destini-ios26Tests.xctest"; sourceTree = BUILT_PRODUCTS_DIR; };
		A017865325E6889600E0FF94 /* Destini_ios26Tests.swift */ = {isa = PBXFileReference; lastKnownFileType = sourcecode.swift; path = Destini_ios26Tests.swift; sourceTree = "<group>"; };
		A017865525E6889600E0FF94 /* Info.plist */ = {isa = PBXFileReference; lastKnownFileType = text.plist.xml; path = Info.plist; sourceTree = "<group>"; };
		A017865A25E6889600E0FF94 /* Destini-ios26UITests.xctest */ = {isa = PBXFileReference; explicitFileType = wrapper.cfbundle; includeInIndex = 0; path = "Destini-ios26UITests.xctest"; sourceTree = BUILT_PRODUCTS_DIR; };
		A017865E25E6889600E0FF94 /* Destini_ios26UITests.swift */ = {isa = PBXFileReference; lastKnownFileType = sourcecode.swift; path = Destini_ios26UITests.swift; sourceTree = "<group>"; };
		A017866025E6889600E0FF94 /* Info.plist */ = {isa = PBXFileReference; lastKnownFileType = text.plist.xml; path = Info.plist; sourceTree = "<group>"; };
		A017867725E6895800E0FF94 /* Story.swift */ = {isa = PBXFileReference; lastKnownFileType = sourcecode.swift; path = Story.swift; sourceTree = "<group>"; };
		A017867C25E6897A00E0FF94 /* StoryBrain.swift */ = {isa = PBXFileReference; lastKnownFileType = sourcecode.swift; path = StoryBrain.swift; sourceTree = "<group>"; };
		A017868625E68DD500E0FF94 /* Assets.xcassets */ = {isa = PBXFileReference; lastKnownFileType = folder.assetcatalog; name = Assets.xcassets; path = Assets.xcassets; sourceTree = "<group>"; };
		A0E1F2D3C4B5A69788776655 /* DesignSystem.swift */ = {isa = PBXFileReference; lastKnownFileType = sourcecode.swift; path = DesignSystem.swift; sourceTree = "<group>"; };
/* End PBXFileReference section */

/* Begin PBXFrameworksBuildPhase section */
		A017863625E6889500E0FF94 /* Frameworks */ = {
			isa = PBXFrameworksBuildPhase;
			buildActionMask = 2147483647;
			files = (
			);
			runOnlyForDeploymentPostprocessing = 0;
		};
		A017864C25E6889600E0FF94 /* Frameworks */ = {
			isa = PBXFrameworksBuildPhase;
			buildActionMask = 2147483647;
			files = (
			);
			runOnlyForDeploymentPostprocessing = 0;
		};
		A017865725E6889600E0FF94 /* Frameworks */ = {
			isa = PBXFrameworksBuildPhase;
			buildActionMask = 2147483647;
			files = (
			);
			runOnlyForDeploymentPostprocessing = 0;
		};
/* End PBXFrameworksBuildPhase section */

/* Begin PBXGroup section */
		A017863025E6889500E0FF94 = {
			isa = PBXGroup;
			children = (
				A017863B25E6889500E0FF94 /* Destini-ios26 */,
				A017865225E6889600E0FF94 /* Destini-ios26Tests */,
				A017865D25E6889600E0FF94 /* Destini-ios26UITests */,
				A017863A25E6889500E0FF94 /* Products */,
			);
			sourceTree = "<group>";
		};
		A017863A25E6889500E0FF94 /* Products */ = {
			isa = PBXGroup;
			children = (
				A017863925E6889500E0FF94 /* Destini-ios26.app */,
				A017864F25E6889600E0FF94 /* Destini-ios26Tests.xctest */,
				A017865A25E6889600E0FF94 /* Destini-ios26UITests.xctest */,
			);
			name = Products;
			sourceTree = "<group>";
		};
		A017863B25E6889500E0FF94 /* Destini-ios26 */ = {
			isa = PBXGroup;
			children = (
				A017863C25E6889500E0FF94 /* AppDelegate.swift */,
				A017863E25E6889500E0FF94 /* SceneDelegate.swift */,
				A017867225E688DD00E0FF94 /* Controller */,
				A017867625E6893000E0FF94 /* Model */,
				A017868125E6898900E0FF94 /* View */,
				A017868625E68DD500E0FF94 /* Assets.xcassets */,
				A017864725E6889600E0FF94 /* LaunchScreen.storyboard */,
				A017864A25E6889600E0FF94 /* Info.plist */,
			);
			path = "Destini-ios26";
			sourceTree = "<group>";
		};
		A017865225E6889600E0FF94 /* Destini-ios26Tests */ = {
			isa = PBXGroup;
			children = (
				A017865325E6889600E0FF94 /* Destini_ios26Tests.swift */,
				A017865525E6889600E0FF94 /* Info.plist */,
			);
			path = "Destini-ios26Tests";
			sourceTree = "<group>";
		};
		A017865D25E6889600E0FF94 /* Destini-ios26UITests */ = {
			isa = PBXGroup;
			children = (
				A017865E25E6889600E0FF94 /* Destini_ios26UITests.swift */,
				A017866025E6889600E0FF94 /* Info.plist */,
			);
			path = "Destini-ios26UITests";
			sourceTree = "<group>";
		};
		A017867225E688DD00E0FF94 /* Controller */ = {
			isa = PBXGroup;
			children = (
				A017864025E6889500E0FF94 /* ViewController.swift */,
			);
			path = Controller;
			sourceTree = "<group>";
		};
		A017867625E6893000E0FF94 /* Model */ = {
			isa = PBXGroup;
			children = (
				A017867725E6895800E0FF94 /* Story.swift */,
				A017867C25E6897A00E0FF94 /* StoryBrain.swift */,
			);
			path = Model;
			sourceTree = "<group>";
		};
		A017868125E6898900E0FF94 /* View */ = {
			isa = PBXGroup;
			children = (
				A017864225E6889500E0FF94 /* Main.storyboard */,
				A0E1F2D3C4B5A69788776655 /* DesignSystem.swift */,
			);
			path = View;
			sourceTree = "<group>";
		};
/* End PBXGroup section */

/* Begin PBXNativeTarget section */
		A017863825E6889500E0FF94 /* Destini-ios26 */ = {
			isa = PBXNativeTarget;
			buildConfigurationList = A017866325E6889600E0FF94 /* Build configuration list for PBXNativeTarget "Destini-ios26" */;
			buildPhases = (
				A017863525E6889500E0FF94 /* Sources */,
				A017863625E6889500E0FF94 /* Frameworks */,
				A017863725E6889500E0FF94 /* Resources */,
			);
			buildRules = (
			);
			dependencies = (
			);
			name = "Destini-ios26";
			productName = "Destini-ios26";
			productReference = A017863925E6889500E0FF94 /* Destini-ios26.app */;
			productType = "com.apple.product-type.application";
		};
		A017864E25E6889600E0FF94 /* Destini-ios26Tests */ = {
			isa = PBXNativeTarget;
			buildConfigurationList = A017866625E6889600E0FF94 /* Build configuration list for PBXNativeTarget "Destini-ios26Tests" */;
			buildPhases = (
				A017864B25E6889600E0FF94 /* Sources */,
				A017864C25E6889600E0FF94 /* Frameworks */,
				A017864D25E6889600E0FF94 /* Resources */,
			);
			buildRules = (
			);
			dependencies = (
				A017865125E6889600E0FF94 /* PBXTargetDependency */,
			);
			name = "Destini-ios26Tests";
			productName = "Destini-ios26Tests";
			productReference = A017864F25E6889600E0FF94 /* Destini-ios26Tests.xctest */;
			productType = "com.apple.product-type.bundle.unit-test";
		};
		A017865925E6889600E0FF94 /* Destini-ios26UITests */ = {
			isa = PBXNativeTarget;
			buildConfigurationList = A017866925E6889600E0FF94 /* Build configuration list for PBXNativeTarget "Destini-ios26UITests" */;
			buildPhases = (
				A017865625E6889600E0FF94 /* Sources */,
				A017865725E6889600E0FF94 /* Frameworks */,
				A017865825E6889600E0FF94 /* Resources */,
			);
			buildRules = (
			);
			dependencies = (
				A017865C25E6889600E0FF94 /* PBXTargetDependency */,
			);
			name = "Destini-ios26UITests";
			productName = "Destini-ios26UITests";
			productReference = A017865A25E6889600E0FF94 /* Destini-ios26UITests.xctest */;
			productType = "com.apple.product-type.bundle.ui-testing";
		};
/* End PBXNativeTarget section */

/* Begin PBXProject section */
		A017863125E6889500E0FF94 /* Project object */ = {
			isa = PBXProject;
			attributes = {
				LastSwiftUpdateCheck = 1240;
				LastUpgradeCheck = 1240;
				TargetAttributes = {
					A017863825E6889500E0FF94 = {
						CreatedOnToolsVersion = 12.4;
					};
					A017864E25E6889600E0FF94 = {
						CreatedOnToolsVersion = 12.4;
						TestTargetID = A017863825E6889500E0FF94;
					};
					A017865925E6889600E0FF94 = {
						CreatedOnToolsVersion = 12.4;
						TestTargetID = A017863825E6889500E0FF94;
					};
				};
			};
			buildConfigurationList = A017863425E6889500E0FF94 /* Build configuration list for PBXProject "Destini-ios26" */;
			compatibilityVersion = "Xcode 9.3";
			developmentRegion = en;
			hasScannedForEncodings = 0;
			knownRegions = (
				en,
				Base,
			);
			mainGroup = A017863025E6889500E0FF94;
			productRefGroup = A017863A25E6889500E0FF94 /* Products */;
			projectDirPath = "";
			projectRoot = "";
			targets = (
				A017863825E6889500E0FF94 /* Destini-ios26 */,
				A017864E25E6889600E0FF94 /* Destini-ios26Tests */,
				A017865925E6889600E0FF94 /* Destini-ios26UITests */,
			);
		};
/* End PBXProject section */

/* Begin PBXResourcesBuildPhase section */
		A017863725E6889500E0FF94 /* Resources */ = {
			isa = PBXResourcesBuildPhase;
			buildActionMask = 2147483647;
			files = (
				A017864925E6889600E0FF94 /* LaunchScreen.storyboard in Resources */,
				A017868725E68DD500E0FF94 /* Assets.xcassets in Resources */,
				A017864425E6889500E0FF94 /* Main.storyboard in Resources */,
			);
			runOnlyForDeploymentPostprocessing = 0;
		};
		A017864D25E6889600E0FF94 /* Resources */ = {
			isa = PBXResourcesBuildPhase;
			buildActionMask = 2147483647;
			files = (
			);
			runOnlyForDeploymentPostprocessing = 0;
		};
		A017865825E6889600E0FF94 /* Resources */ = {
			isa = PBXResourcesBuildPhase;
			buildActionMask = 2147483647;
			files = (
			);
			runOnlyForDeploymentPostprocessing = 0;
		};
/* End PBXResourcesBuildPhase section */

/* Begin PBXSourcesBuildPhase section */
		A017863525E6889500E0FF94 /* Sources */ = {
			isa = PBXSourcesBuildPhase;
			buildActionMask = 2147483647;
			files = (
				A017867D25E6897A00E0FF94 /* StoryBrain.swift in Sources */,
				A0E1F2D3C4B5A69788776656 /* DesignSystem.swift in Sources */,
				A017864125E6889500E0FF94 /* ViewController.swift in Sources */,
				A017863D25E6889500E0FF94 /* AppDelegate.swift in Sources */,
				A017863F25E6889500E0FF94 /* SceneDelegate.swift in Sources */,
				A017867825E6895800E0FF94 /* Story.swift in Sources */,
			);
			runOnlyForDeploymentPostprocessing = 0;
		};
		A017864B25E6889600E0FF94 /* Sources */ = {
			isa = PBXSourcesBuildPhase;
			buildActionMask = 2147483647;
			files = (
				A017865425E6889600E0FF94 /* Destini_ios26Tests.swift in Sources */,
			);
			runOnlyForDeploymentPostprocessing = 0;
		};
		A017865625E6889600E0FF94 /* Sources */ = {
			isa = PBXSourcesBuildPhase;
			buildActionMask = 2147483647;
			files = (
				A017865F25E6889600E0FF94 /* Destini_ios26UITests.swift in Sources */,
			);
			runOnlyForDeploymentPostprocessing = 0;
		};
/* End PBXSourcesBuildPhase section */

/* Begin PBXTargetDependency section */
		A017865125E6889600E0FF94 /* PBXTargetDependency */ = {
			isa = PBXTargetDependency;
			target = A017863825E6889500E0FF94 /* Destini-ios26 */;
			targetProxy = A017865025E6889600E0FF94 /* PBXContainerItemProxy */;
		};
		A017865C25E6889600E0FF94 /* PBXTargetDependency */ = {
			isa = PBXTargetDependency;
			target = A017863825E6889500E0FF94 /* Destini-ios26 */;
			targetProxy = A017865B25E6889600E0FF94 /* PBXContainerItemProxy */;
		};
/* End PBXTargetDependency section */

/* Begin PBXVariantGroup section */
		A017864225E6889500E0FF94 /* Main.storyboard */ = {
			isa = PBXVariantGroup;
			children = (
				A017864325E6889500E0FF94 /* Base */,
			);
			name = Main.storyboard;
			sourceTree = "<group>";
		};
		A017864725E6889600E0FF94 /* LaunchScreen.storyboard */ = {
			isa = PBXVariantGroup;
			children = (
				A017864825E6889600E0FF94 /* Base */,
			);
			name = LaunchScreen.storyboard;
			sourceTree = "<group>";
		};
/* End PBXVariantGroup section */

/* Begin XCBuildConfiguration section */
		A017866125E6889600E0FF94 /* Debug */ = {
			isa = XCBuildConfiguration;
			buildSettings = {
				ALWAYS_SEARCH_USER_PATHS = NO;
				CLANG_ANALYZER_NONNULL = YES;
				CLANG_ANALYZER_NUMBER_OBJECT_CONVERSION = YES_AGGRESSIVE;
				CLANG_CXX_LANGUAGE_STANDARD = "gnu++14";
				CLANG_CXX_LIBRARY = "libc++";
				CLANG_ENABLE_MODULES = YES;
				CLANG_ENABLE_OBJC_ARC = YES;
				CLANG_ENABLE_OBJC_WEAK = YES;
				CLANG_WARN_BLOCK_CAPTURE_AUTORELEASING = YES;
				CLANG_WARN_BOOL_CONVERSION = YES;
				CLANG_WARN_COMMA = YES;
				CLANG_WARN_CONSTANT_CONVERSION = YES;
				CLANG_WARN_DEPRECATED_OBJC_IMPLEMENTATIONS = YES;
				CLANG_WARN_DIRECT_OBJC_ISA_USAGE = YES_ERROR;
				CLANG_WARN_DOCUMENTATION_COMMENTS = YES;
				CLANG_WARN_EMPTY_BODY = YES;
				CLANG_WARN_ENUM_CONVERSION = YES;
				CLANG_WARN_INFINITE_RECURSION = YES;
				CLANG_WARN_INT_CONVERSION = YES;
				CLANG_WARN_NON_LITERAL_NULL_CONVERSION = YES;
				CLANG_WARN_OBJC_IMPLICIT_RETAIN_SELF = YES;
				CLANG_WARN_OBJC_LITERAL_CONVERSION = YES;
				CLANG_WARN_OBJC_ROOT_CLASS = YES_ERROR;
				CLANG_WARN_QUOTED_INCLUDE_IN_FRAMEWORK_HEADER = YES;
				CLANG_WARN_RANGE_LOOP_ANALYSIS = YES;
				CLANG_WARN_STRICT_PROTOTYPES = YES;
				CLANG_WARN_SUSPICIOUS_MOVE = YES;
				CLANG_WARN_UNGUARDED_AVAILABILITY = YES_AGGRESSIVE;
				CLANG_WARN_UNREACHABLE_CODE = YES;
				CLANG_WARN__DUPLICATE_METHOD_MATCH = YES;
				COPY_PHASE_STRIP = NO;
				DEBUG_INFORMATION_FORMAT = dwarf;
				ENABLE_STRICT_OBJC_MSGSEND = YES;
				ENABLE_TESTABILITY = YES;
				GCC_C_LANGUAGE_STANDARD = gnu11;
				GCC_DYNAMIC_NO_PIC = NO;
				GCC_NO_COMMON_BLOCKS = YES;
				GCC_OPTIMIZATION_LEVEL = 0;
				GCC_PREPROCESSOR_DEFINITIONS = (
					"DEBUG=1",
					"$(inherited)",
				);
				GCC_WARN_64_TO_32_BIT_CONVERSION = YES;
				GCC_WARN_ABOUT_RETURN_TYPE = YES_ERROR;
				GCC_WARN_UNDECLARED_SELECTOR = YES;
				GCC_WARN_UNINITIALIZED_AUTOS = YES_AGGRESSIVE;
				GCC_WARN_UNUSED_FUNCTION = YES;
				GCC_WARN_UNUSED_VARIABLE = YES;
				IPHONEOS_DEPLOYMENT_TARGET = 14.4;
				MTL_ENABLE_DEBUG_INFO = INCLUDE_SOURCE;
				MTL_FAST_MATH = YES;
				ONLY_ACTIVE_ARCH = YES;
				SDKROOT = iphoneos;
				SWIFT_ACTIVE_COMPILATION_CONDITIONS = DEBUG;
				SWIFT_OPTIMIZATION_LEVEL = "-Onone";
			};
			name = Debug;
		};
		A017866225E6889600E0FF94 /* Release */ = {
			isa = XCBuildConfiguration;
			buildSettings = {
				ALWAYS_SEARCH_USER_PATHS = NO;
				CLANG_ANALYZER_NONNULL = YES;
				CLANG_ANALYZER_NUMBER_OBJECT_CONVERSION = YES_AGGRESSIVE;
				CLANG_CXX_LANGUAGE_STANDARD = "gnu++14";
				CLANG_CXX_LIBRARY = "libc++";
				CLANG_ENABLE_MODULES = YES;
				CLANG_ENABLE_OBJC_ARC = YES;
				CLANG_ENABLE_OBJC_WEAK = YES;
				CLANG_WARN_BLOCK_CAPTURE_AUTORELEASING = YES;
				CLANG_WARN_BOOL_CONVERSION = YES;
				CLANG_WARN_COMMA = YES;
				CLANG_WARN_CONSTANT_CONVERSION = YES;
				CLANG_WARN_DEPRECATED_OBJC_IMPLEMENTATIONS = YES;
				CLANG_WARN_DIRECT_OBJC_ISA_USAGE = YES_ERROR;
				CLANG_WARN_DOCUMENTATION_COMMENTS = YES;
				CLANG_WARN_EMPTY_BODY = YES;
				CLANG_WARN_ENUM_CONVERSION = YES;
				CLANG_WARN_INFINITE_RECURSION = YES;
				CLANG_WARN_INT_CONVERSION = YES;
				CLANG_WARN_NON_LITERAL_NULL_CONVERSION = YES;
				CLANG_WARN_OBJC_IMPLICIT_RETAIN_SELF = YES;
				CLANG_WARN_OBJC_LITERAL_CONVERSION = YES;
				CLANG_WARN_OBJC_ROOT_CLASS = YES_ERROR;
				CLANG_WARN_QUOTED_INCLUDE_IN_FRAMEWORK_HEADER = YES;
				CLANG_WARN_RANGE_LOOP_ANALYSIS = YES;
				CLANG_WARN_STRICT_PROTOTYPES = YES;
				CLANG_WARN_SUSPICIOUS_MOVE = YES;
				CLANG_WARN_UNGUARDED_AVAILABILITY = YES_AGGRESSIVE;
				CLANG_WARN_UNREACHABLE_CODE = YES;
				CLANG_WARN__DUPLICATE_METHOD_MATCH = YES;
				COPY_PHASE_STRIP = NO;
				DEBUG_INFORMATION_FORMAT = "dwarf-with-dsym";
				ENABLE_NS_ASSERTIONS = NO;
				ENABLE_STRICT_OBJC_MSGSEND = YES;
				GCC_C_LANGUAGE_STANDARD = gnu11;
				GCC_NO_COMMON_BLOCKS = YES;
				GCC_WARN_64_TO_32_BIT_CONVERSION = YES;
				GCC_WARN_ABOUT_RETURN_TYPE = YES_ERROR;
				GCC_WARN_UNDECLARED_SELECTOR = YES;
				GCC_WARN_UNINITIALIZED_AUTOS = YES_AGGRESSIVE;
				GCC_WARN_UNUSED_FUNCTION = YES;
				GCC_WARN_UNUSED_VARIABLE = YES;
				IPHONEOS_DEPLOYMENT_TARGET = 14.4;
				MTL_ENABLE_DEBUG_INFO = NO;
				MTL_FAST_MATH = YES;
				SDKROOT = iphoneos;
				SWIFT_COMPILATION_MODE = wholemodule;
				SWIFT_OPTIMIZATION_LEVEL = "-O";
				VALIDATE_PRODUCT = YES;
			};
			name = Release;
		};
		A017866425E6889600E0FF94 /* Debug */ = {
			isa = XCBuildConfiguration;
			buildSettings = {
				ASSETCATALOG_COMPILER_APPICON_NAME = AppIcon;
				ASSETCATALOG_COMPILER_GLOBAL_ACCENT_COLOR_NAME = AccentColor;
				CODE_SIGN_STYLE = Automatic;
				DEVELOPMENT_TEAM = 797QRCMZV7;
				INFOPLIST_FILE = "Destini-ios26/Info.plist";
				LD_RUNPATH_SEARCH_PATHS = (
					"$(inherited)",
					"@executable_path/Frameworks",
				);
				PRODUCT_BUNDLE_IDENTIFIER = "com.appfromape.Destini-ios26";
				PRODUCT_NAME = "$(TARGET_NAME)";
				SWIFT_VERSION = 5.0;
				TARGETED_DEVICE_FAMILY = "1,2";
			};
			name = Debug;
		};
		A017866525E6889600E0FF94 /* Release */ = {
			isa = XCBuildConfiguration;
			buildSettings = {
				ASSETCATALOG_COMPILER_APPICON_NAME = AppIcon;
				ASSETCATALOG_COMPILER_GLOBAL_ACCENT_COLOR_NAME = AccentColor;
				CODE_SIGN_STYLE = Automatic;
				DEVELOPMENT_TEAM = 797QRCMZV7;
				INFOPLIST_FILE = "Destini-ios26/Info.plist";
				LD_RUNPATH_SEARCH_PATHS = (
					"$(inherited)",
					"@executable_path/Frameworks",
				);
				PRODUCT_BUNDLE_IDENTIFIER = "com.appfromape.Destini-ios26";
				PRODUCT_NAME = "$(TARGET_NAME)";
				SWIFT_VERSION = 5.0;
				TARGETED_DEVICE_FAMILY = "1,2";
			};
			name = Release;
		};
		A017866725E6889600E0FF94 /* Debug */ = {
			isa = XCBuildConfiguration;
			buildSettings = {
				ALWAYS_EMBED_SWIFT_STANDARD_LIBRARIES = YES;
				BUNDLE_LOADER = "$(TEST_HOST)";
				CODE_SIGN_STYLE = Automatic;
				DEVELOPMENT_TEAM = 797QRCMZV7;
				INFOPLIST_FILE = "Destini-ios26Tests/Info.plist";
				IPHONEOS_DEPLOYMENT_TARGET = 14.4;
				LD_RUNPATH_SEARCH_PATHS = (
					"$(inherited)",
					"@executable_path/Frameworks",
					"@loader_path/Frameworks",
				);
				PRODUCT_BUNDLE_IDENTIFIER = "com.appfromape.Destini-ios26.Destini-ios26Tests";
				PRODUCT_NAME = "$(TARGET_NAME)";
				SWIFT_VERSION = 5.0;
				TARGETED_DEVICE_FAMILY = "1,2";
				TEST_HOST = "$(BUILT_PRODUCTS_DIR)/Destini-ios26.app/Destini-ios26";
			};
			name = Debug;
		};
		A017866825E6889600E0FF94 /* Release */ = {
			isa = XCBuildConfiguration;
			buildSettings = {
				ALWAYS_EMBED_SWIFT_STANDARD_LIBRARIES = YES;
				BUNDLE_LOADER = "$(TEST_HOST)";
				CODE_SIGN_STYLE = Automatic;
				DEVELOPMENT_TEAM = 797QRCMZV7;
				INFOPLIST_FILE = "Destini-ios26Tests/Info.plist";
				IPHONEOS_DEPLOYMENT_TARGET = 14.4;
				LD_RUNPATH_SEARCH_PATHS = (
					"$(inherited)",
					"@executable_path/Frameworks",
					"@loader_path/Frameworks",
				);
				PRODUCT_BUNDLE_IDENTIFIER = "com.appfromape.Destini-ios26.Destini-ios26Tests";
				PRODUCT_NAME = "$(TARGET_NAME)";
				SWIFT_VERSION = 5.0;
				TARGETED_DEVICE_FAMILY = "1,2";
				TEST_HOST = "$(BUILT_PRODUCTS_DIR)/Destini-ios26.app/Destini-ios26";
			};
			name = Release;
		};
		A017866A25E6889600E0FF94 /* Debug */ = {
			isa = XCBuildConfiguration;
			buildSettings = {
				ALWAYS_EMBED_SWIFT_STANDARD_LIBRARIES = YES;
				CODE_SIGN_STYLE = Automatic;
				DEVELOPMENT_TEAM = 797QRCMZV7;
				INFOPLIST_FILE = "Destini-ios26UITests/Info.plist";
				LD_RUNPATH_SEARCH_PATHS = (
					"$(inherited)",
					"@executable_path/Frameworks",
					"@loader_path/Frameworks",
				);
				PRODUCT_BUNDLE_IDENTIFIER = "com.appfromape.Destini-ios26.Destini-ios26UITests";
				PRODUCT_NAME = "$(TARGET_NAME)";
				SWIFT_VERSION = 5.0;
				TARGETED_DEVICE_FAMILY = "1,2";
				TEST_TARGET_NAME = "Destini-ios26";
			};
			name = Debug;
		};
		A017866B25E6889600E0FF94 /* Release */ = {
			isa = XCBuildConfiguration;
			buildSettings = {
				ALWAYS_EMBED_SWIFT_STANDARD_LIBRARIES = YES;
				CODE_SIGN_STYLE = Automatic;
				DEVELOPMENT_TEAM = 797QRCMZV7;
				INFOPLIST_FILE = "Destini-ios26UITests/Info.plist";
				LD_RUNPATH_SEARCH_PATHS = (
					"$(inherited)",
					"@executable_path/Frameworks",
					"@loader_path/Frameworks",
				);
				PRODUCT_BUNDLE_IDENTIFIER = "com.appfromape.Destini-ios26.Destini-ios26UITests";
				PRODUCT_NAME = "$(TARGET_NAME)";
				SWIFT_VERSION = 5.0;
				TARGETED_DEVICE_FAMILY = "1,2";
				TEST_TARGET_NAME = "Destini-ios26";
			};
			name = Release;
		};
/* End XCBuildConfiguration section */

/* Begin XCConfigurationList section */
		A017863425E6889500E0FF94 /* Build configuration list for PBXProject "Destini-ios26" */ = {
			isa = XCConfigurationList;
			buildConfigurations = (
				A017866125E6889600E0FF94 /* Debug */,
				A017866225E6889600E0FF94 /* Release */,
			);
			defaultConfigurationIsVisible = 0;
			defaultConfigurationName = Release;
		};
		A017866325E6889600E0FF94 /* Build configuration list for PBXNativeTarget "Destini-ios26" */ = {
			isa = XCConfigurationList;
			buildConfigurations = (
				A017866425E6889600E0FF94 /* Debug */,
				A017866525E6889600E0FF94 /* Release */,
			);
			defaultConfigurationIsVisible = 0;
			defaultConfigurationName = Release;
		};
		A017866625E6889600E0FF94 /* Build configuration list for PBXNativeTarget "Destini-ios26Tests" */ = {
			isa = XCConfigurationList;
			buildConfigurations = (
				A017866725E6889600E0FF94 /* Debug */,
				A017866825E6889600E0FF94 /* Release */,
			);
			defaultConfigurationIsVisible = 0;
			defaultConfigurationName = Release;
		};
		A017866925E6889600E0FF94 /* Build configuration list for PBXNativeTarget "Destini-ios26UITests" */ = {
			isa = XCConfigurationList;
			buildConfigurations = (
				A017866A25E6889600E0FF94 /* Debug */,
				A017866B25E6889600E0FF94 /* Release */,
			);
			defaultConfigurationIsVisible = 0;
			defaultConfigurationName = Release;
		};
/* End XCConfigurationList section */
	};
	rootObject = A017863125E6889500E0FF94 /* Project object */;
}
